
Microsoft Visual Studio Solution File, Format Version 12.00
# Visual Studio Version 16
VisualStudioVersion = 16.0.30523.141
MinimumVisualStudioVersion = 10.0.40219.1
Project("{FAE04EC0-301F-11D3-BF4B-00C04F79EFBC}") = "Skid Lookup", "Skid Lookup.csproj", "{05DA512B-059E-4B4B-AE65-811C10B86B28}"
EndProject
Global
	GlobalSection(SolutionConfigurationPlatforms) = preSolution
		Debug|Any CPU = Debug|Any CPU
		Release|Any CPU = Release|Any CPU
	EndGlobalSection
	GlobalSection(ProjectConfigurationPlatforms) = postSolution
		{05DA512B-059E-4B4B-AE65-811C10B86B28}.Debug|Any CPU.ActiveCfg = Debug|Any CPU
		{05DA512B-059E-4B4B-AE65-811C10B86B28}.Debug|Any CPU.Build.0 = Debug|Any CPU
		{05DA512B-059E-4B4B-AE65-811C10B86B28}.Release|Any CPU.ActiveCfg = Release|Any CPU
		{05DA512B-059E-4B4B-AE65-811C10B86B28}.Release|Any CPU.Build.0 = Release|Any CPU
	EndGlobalSection
	GlobalSection(SolutionProperties) = preSolution
		HideSolutionNode = FALSE
	EndGlobalSection
	GlobalSection(ExtensibilityGlobals) = postSolution
		SolutionGuid = {90A1F0F7-ADA5-4D27-9EAF-36F2F1743335}
	EndGlobalSection
EndGlobal
